# This file is automatically @generated by Cargo.
# It is not intended for manual editing.
version = 4

[[package]]
name = "progressus-app"
version = "0.1.0"
dependencies = [
 "progressus-sim",
]

[[package]]
name = "progressus-sim"
version = "0.1.0"
dependencies = [
 "progressus-worldgen",
]

[[package]]
name = "progressus-worldgen"
version = "0.1.0"
